# This file is automatically @generated by Cargo.
# It is not intended for manual editing.
version = 3

[[package]]
name = "asdbmaker"
version = "0.1.0"

[[package]]
name = "asmap-frontend"
version = "0.1.0"

[[package]]
name = "asmap-rs"
version = "0.1.0"

[[package]]
name = "georesolve"
version = "0.1.0"
